// !$*UTF8*$!
{
	archiveVersion = 1;
	classes = {
	};
	objectVersion = 46;
	objects = {

/* Begin PBXBuildFile section */
		FA232A9D194551FC006B693C /* AppDelegate.swift in Sources */ = {isa = PBXBuildFile; fileRef = FA232A9C194551FC006B693C /* AppDelegate.swift */; };
		FA232A9F194551FC006B693C /* ViewController.swift in Sources */ = {isa = PBXBuildFile; fileRef = FA232A9E194551FC006B693C /* ViewController.swift */; };
		FA232AA2194551FC006B693C /* Main.storyboard in Resources */ = {isa = PBXBuildFile; fileRef = FA232AA0194551FC006B693C /* Main.storyboard */; };
		FA232AA4194551FC006B693C /* Images.xcassets in Resources */ = {isa = PBXBuildFile; fileRef = FA232AA3194551FC006B693C /* Images.xcassets */; };
/* End PBXBuildFile section */

/* Begin PBXFileReference section */
		FA232A97194551FC006B693C /* BadTodoList.app */ = {isa = PBXFileReference; explicitFileType = wrapper.application; includeInIndex = 0; path = BadTodoList.app; sourceTree = BUILT_PRODUCTS_DIR; };
		FA232A9B194551FC006B693C /* Info.plist */ = {isa = PBXFileReference; lastKnownFileType = text.plist.xml; path = Info.plist; sourceTree = "<group>"; };
		FA232A9C194551FC006B693C /* AppDelegate.swift */ = {isa = PBXFileReference; lastKnownFileType = sourcecode.swift; path = AppDelegate.swift; sourceTree = "<group>"; };
		FA232A9E194551FC006B693C /* ViewController.swift */ = {isa = PBXFileReference; lastKnownFileType = sourcecode.swift; path = ViewController.swift; sourceTree = "<group>"; };
		FA232AA1194551FC006B693C /* Base */ = {isa = PBXFileReference; lastKnownFileType = file.storyboard; name = Base; path = Base.lproj/Main.storyboard; sourceTree = "<group>"; };
		FA232AA3194551FC006B693C /* Images.xcassets */ = {isa = PBXFileReference; lastKnownFileType = folder.assetcatalog; path = Images.xcassets; sourceTree = "<group>"; };
/* End PBXFileReference section */

/* Begin PBXFrameworksBuildPhase section */
		FA232A94194551FC006B693C /* Frameworks */ = {
			isa = PBXFrameworksBuildPhase;
			buildActionMask = 2147483647;
			files = (
			);
			runOnlyForDeploymentPostprocessing = 0;
		};
/* End PBXFrameworksBuildPhase section */

/* Begin PBXGroup section */
		FA232A8E194551FC006B693C = {
			isa = PBXGroup;
			children = (
				FA232A99194551FC006B693C /* BadTodoList */,
				FA232A98194551FC006B693C /* Products */,
			);
			sourceTree = "<group>";
		};
		FA232A98194551FC006B693C /* Products */ = {
			isa = PBXGroup;
			children = (
				FA232A97194551FC006B693C /* BadTodoList.app */,
			);
			name = Products;
			sourceTree = "<group>";
		};
		FA232A99194551FC006B693C /* BadTodoList */ = {
			isa = PBXGroup;
			children = (
				FA232A9C194551FC006B693C /* AppDelegate.swift */,
				FA232A9E194551FC006B693C /* ViewController.swift */,
				FA232AA0194551FC006B693C /* Main.storyboard */,
				FA232AA3194551FC006B693C /* Images.xcassets */,
				FA232A9A194551FC006B693C /* Supporting Files */,
			);
			path = BadTodoList;
			sourceTree = "<group>";
		};
		FA232A9A194551FC006B693C /* Supporting Files */ = {
			isa = PBXGroup;
			children = (
				FA232A9B194551FC006B693C /* Info.plist */,
			);
			name = "Supporting Files";
			sourceTree = "<group>";
		};
/* End PBXGroup section */

/* Begin PBXNativeTarget section */
		FA232A96194551FC006B693C /* BadTodoList */ = {
			isa = PBXNativeTarget;
			buildConfigurationList = FA232AB3194551FC006B693C /* Build configuration list for PBXNativeTarget "BadTodoList" */;
			buildPhases = (
				FA232A93194551FC006B693C /* Sources */,
				FA232A94194551FC006B693C /* Frameworks */,
				FA232A95194551FC006B693C /* Resources */,
			);
			buildRules = (
			);
			dependencies = (
			);
			name = BadTodoList;
			productName = BadTodoList;
			productReference = FA232A97194551FC006B693C /* BadTodoList.app */;
			productType = "com.apple.product-type.application";
		};
/* End PBXNativeTarget section */

/* Begin PBXProject section */
		FA232A8F194551FC006B693C /* Project object */ = {
			isa = PBXProject;
			attributes = {
				LastUpgradeCheck = 0600;
				ORGANIZATIONNAME = "Alex Nichol";
				TargetAttributes = {
					FA232A96194551FC006B693C = {
						CreatedOnToolsVersion = 6.0;
					};
				};
			};
			buildConfigurationList = FA232A92194551FC006B693C /* Build configuration list for PBXProject "BadTodoList" */;
			compatibilityVersion = "Xcode 3.2";
			developmentRegion = English;
			hasScannedForEncodings = 0;
			knownRegions = (
				en,
				Base,
			);
			mainGroup = FA232A8E194551FC006B693C;
			productRefGroup = FA232A98194551FC006B693C /* Products */;
			projectDirPath = "";
			projectRoot = "";
			targets = (
				FA232A96194551FC006B693C /* BadTodoList */,
			);
		};
/* End PBXProject section */

/* Begin PBXResourcesBuildPhase section */
		FA232A95194551FC006B693C /* Resources */ = {
			isa = PBXResourcesBuildPhase;
			buildActionMask = 2147483647;
			files = (
				FA232AA2194551FC006B693C /* Main.storyboard in Resources */,
				FA232AA4194551FC006B693C /* Images.xcassets in Resources */,
			);
			runOnlyForDeploymentPostprocessing = 0;
		};
/* End PBXResourcesBuildPhase section */

/* Begin PBXSourcesBuildPhase section */
		FA232A93194551FC006B693C /* Sources */ = {
			isa = PBXSourcesBuildPhase;
			buildActionMask = 2147483647;
			files = (
				FA232A9F194551FC006B693C /* ViewController.swift in Sources */,
				FA232A9D194551FC006B693C /* AppDelegate.swift in Sources */,
			);
			runOnlyForDeploymentPostprocessing = 0;
		};
/* End PBXSourcesBuildPhase section */

/* Begin PBXVariantGroup section */
		FA232AA0194551FC006B693C /* Main.storyboard */ = {
			isa = PBXVariantGroup;
			children = (
				FA232AA1194551FC006B693C /* Base */,
			);
			name = Main.storyboard;
			sourceTree = "<group>";
		};
/* End PBXVariantGroup section */

/* Begin XCBuildConfiguration section */
		FA232AB1194551FC006B693C /* Debug */ = {
			isa = XCBuildConfiguration;
			buildSettings = {
				ALWAYS_SEARCH_USER_PATHS = NO;
				CLANG_CXX_LANGUAGE_STANDARD = "gnu++0x";
				CLANG_CXX_LIBRARY = "libc++";
				CLANG_ENABLE_MODULES = YES;
				CLANG_ENABLE_OBJC_ARC = YES;
				CLANG_WARN_BOOL_CONVERSION = YES;
				CLANG_WARN_CONSTANT_CONVERSION = YES;
				CLANG_WARN_DIRECT_OBJC_ISA_USAGE = YES_ERROR;
				CLANG_WARN_EMPTY_BODY = YES;
				CLANG_WARN_ENUM_CONVERSION = YES;
				CLANG_WARN_INT_CONVERSION = YES;
				CLANG_WARN_OBJC_ROOT_CLASS = YES_ERROR;
				CLANG_WARN_UNREACHABLE_CODE = YES;
				CLANG_WARN__DUPLICATE_METHOD_MATCH = YES;
				"CODE_SIGN_IDENTITY[sdk=iphoneos*]" = "iPhone Developer";
				COPY_PHASE_STRIP = NO;
				ENABLE_STRICT_OBJC_MSGSEND = YES;
				GCC_C_LANGUAGE_STANDARD = gnu99;
				GCC_DYNAMIC_NO_PIC = NO;
				GCC_OPTIMIZATION_LEVEL = 0;
				GCC_PREPROCESSOR_DEFINITIONS = (
					"DEBUG=1",
					"$(inherited)",
				);
				GCC_SYMBOLS_PRIVATE_EXTERN = NO;
				GCC_WARN_64_TO_32_BIT_CONVERSION = YES;
				GCC_WARN_ABOUT_RETURN_TYPE = YES_ERROR;
				GCC_WARN_UNDECLARED_SELECTOR = YES;
				GCC_WARN_UNINITIALIZED_AUTOS = YES_AGGRESSIVE;
				GCC_WARN_UNUSED_FUNCTION = YES;
				GCC_WARN_UNUSED_VARIABLE = YES;
				IPHONEOS_DEPLOYMENT_TARGET = 8.0;
				METAL_ENABLE_DEBUG_INFO = YES;
				ONLY_ACTIVE_ARCH = YES;
				SDKROOT = iphoneos;
				SWIFT_OPTIMIZATION_LEVEL = "-Onone";
			};
			name = Debug;
		};
		FA232AB2194551FC006B693C /* Release */ = {
			isa = XCBuildConfiguration;
			buildSettings = {
				ALWAYS_SEARCH_USER_PATHS = NO;
				CLANG_CXX_LANGUAGE_STANDARD = "gnu++0x";
				CLANG_CXX_LIBRARY = "libc++";
				CLANG_ENABLE_MODULES = YES;
				CLANG_ENABLE_OBJC_ARC = YES;
				CLANG_WARN_BOOL_CONVERSION = YES;
				CLANG_WARN_CONSTANT_CONVERSION = YES;
				CLANG_WARN_DIRECT_OBJC_ISA_USAGE = YES_ERROR;
				CLANG_WARN_EMPTY_BODY = YES;
				CLANG_WARN_ENUM_CONVERSION = YES;
				CLANG_WARN_INT_CONVERSION = YES;
				CLANG_WARN_OBJC_ROOT_CLASS = YES_ERROR;
				CLANG_WARN_UNREACHABLE_CODE = YES;
				CLANG_WARN__DUPLICATE_METHOD_MATCH = YES;
				"CODE_SIGN_IDENTITY[sdk=iphoneos*]" = "iPhone Developer";
				COPY_PHASE_STRIP = YES;
				ENABLE_NS_ASSERTIONS = NO;
				ENABLE_STRICT_OBJC_MSGSEND = YES;
				GCC_C_LANGUAGE_STANDARD = gnu99;
				GCC_WARN_64_TO_32_BIT_CONVERSION = YES;
				GCC_WARN_ABOUT_RETURN_TYPE = YES_ERROR;
				GCC_WARN_UNDECLARED_SELECTOR = YES;
				GCC_WARN_UNINITIALIZED_AUTOS = YES_AGGRESSIVE;
				GCC_WARN_UNUSED_FUNCTION = YES;
				GCC_WARN_UNUSED_VARIABLE = YES;
				IPHONEOS_DEPLOYMENT_TARGET = 8.0;
				METAL_ENABLE_DEBUG_INFO = NO;
				SDKROOT = iphoneos;
				VALIDATE_PRODUCT = YES;
			};
			name = Release;
		};
		FA232AB4194551FC006B693C /* Debug */ = {
			isa = XCBuildConfiguration;
			buildSettings = {
				ASSETCATALOG_COMPILER_APPICON_NAME = AppIcon;
				ASSETCATALOG_COMPILER_LAUNCHIMAGE_NAME = LaunchImage;
				INFOPLIST_FILE = BadTodoList/Info.plist;
				LD_RUNPATH_SEARCH_PATHS = "$(inherited) @executable_path/Frameworks";
				PRODUCT_NAME = "$(TARGET_NAME)";
			};
			name = Debug;
		};
		FA232AB5194551FC006B693C /* Release */ = {
			isa = XCBuildConfiguration;
			buildSettings = {
				ASSETCATALOG_COMPILER_APPICON_NAME = AppIcon;
				ASSETCATALOG_COMPILER_LAUNCHIMAGE_NAME = LaunchImage;
				INFOPLIST_FILE = BadTodoList/Info.plist;
				LD_RUNPATH_SEARCH_PATHS = "$(inherited) @executable_path/Frameworks";
				PRODUCT_NAME = "$(TARGET_NAME)";
			};
			name = Release;
		};
/* End XCBuildConfiguration section */

/* Begin XCConfigurationList section */
		FA232A92194551FC006B693C /* Build configuration list for PBXProject "BadTodoList" */ = {
			isa = XCConfigurationList;
			buildConfigurations = (
				FA232AB1194551FC006B693C /* Debug */,
				FA232AB2194551FC006B693C /* Release */,
			);
			defaultConfigurationIsVisible = 0;
			defaultConfigurationName = Release;
		};
		FA232AB3194551FC006B693C /* Build configuration list for PBXNativeTarget "BadTodoList" */ = {
			isa = XCConfigurationList;
			buildConfigurations = (
				FA232AB4194551FC006B693C /* Debug */,
				FA232AB5194551FC006B693C /* Release */,
			);
			defaultConfigurationIsVisible = 0;
		};
/* End XCConfigurationList section */
	};
	rootObject = FA232A8F194551FC006B693C /* Project object */;
}
